// !$*UTF8*$!
{
	archiveVersion = 1;
	classes = {
	};
	objectVersion = 56;
	objects = {

/* Begin PBXBuildFile section */
		C40B77E42B0B4ABC00FC33F2 /* AppColors.swift in Sources */ = {isa = PBXBuildFile; fileRef = C40B77E32B0B4ABC00FC33F2 /* AppColors.swift */; };
		C40B77E72B0B50C400FC33F2 /* TabSwipeView.swift in Sources */ = {isa = PBXBuildFile; fileRef = C40B77E62B0B50C400FC33F2 /* TabSwipeView.swift */; };
		C43E30282B0A7C4500ED4183 /* model.swift in Sources */ = {isa = PBXBuildFile; fileRef = C43E30272B0A7C4500ED4183 /* model.swift */; };
		C43E302A2B0A824200ED4183 /* TaskData.swift in Sources */ = {isa = PBXBuildFile; fileRef = C43E30292B0A824200ED4183 /* TaskData.swift */; };
		C46FAB542B0A614000BB50BD /* TodoApp.swift in Sources */ = {isa = PBXBuildFile; fileRef = C46FAB532B0A614000BB50BD /* TodoApp.swift */; };
		C46FAB562B0A614000BB50BD /* TasksView.swift in Sources */ = {isa = PBXBuildFile; fileRef = C46FAB552B0A614000BB50BD /* TasksView.swift */; };
		C46FAB582B0A614200BB50BD /* Assets.xcassets in Resources */ = {isa = PBXBuildFile; fileRef = C46FAB572B0A614200BB50BD /* Assets.xcassets */; };
		C46FAB5B2B0A614200BB50BD /* Preview Assets.xcassets in Resources */ = {isa = PBXBuildFile; fileRef = C46FAB5A2B0A614200BB50BD /* Preview Assets.xcassets */; };
		C4D6D1412B0BD62800B5622D /* ModifyTaskView.swift in Sources */ = {isa = PBXBuildFile; fileRef = C4D6D1402B0BD62800B5622D /* ModifyTaskView.swift */; };
/* End PBXBuildFile section */

/* Begin PBXFileReference section */
		C40B77E32B0B4ABC00FC33F2 /* AppColors.swift */ = {isa = PBXFileReference; lastKnownFileType = sourcecode.swift; path = AppColors.swift; sourceTree = "<group>"; };
		C40B77E62B0B50C400FC33F2 /* TabSwipeView.swift */ = {isa = PBXFileReference; lastKnownFileType = sourcecode.swift; path = TabSwipeView.swift; sourceTree = "<group>"; };
		C43E30272B0A7C4500ED4183 /* model.swift */ = {isa = PBXFileReference; lastKnownFileType = sourcecode.swift; path = model.swift; sourceTree = "<group>"; };
		C43E30292B0A824200ED4183 /* TaskData.swift */ = {isa = PBXFileReference; lastKnownFileType = sourcecode.swift; path = TaskData.swift; sourceTree = "<group>"; };
		C46FAB502B0A614000BB50BD /* ListStyleProject.app */ = {isa = PBXFileReference; explicitFileType = wrapper.application; includeInIndex = 0; path = ListStyleProject.app; sourceTree = BUILT_PRODUCTS_DIR; };
		C46FAB532B0A614000BB50BD /* TodoApp.swift */ = {isa = PBXFileReference; lastKnownFileType = sourcecode.swift; path = TodoApp.swift; sourceTree = "<group>"; };
		C46FAB552B0A614000BB50BD /* TasksView.swift */ = {isa = PBXFileReference; lastKnownFileType = sourcecode.swift; path = TasksView.swift; sourceTree = "<group>"; };
		C46FAB572B0A614200BB50BD /* Assets.xcassets */ = {isa = PBXFileReference; lastKnownFileType = folder.assetcatalog; path = Assets.xcassets; sourceTree = "<group>"; };
		C46FAB5A2B0A614200BB50BD /* Preview Assets.xcassets */ = {isa = PBXFileReference; lastKnownFileType = folder.assetcatalog; path = "Preview Assets.xcassets"; sourceTree = "<group>"; };
		C4D6D1402B0BD62800B5622D /* ModifyTaskView.swift */ = {isa = PBXFileReference; lastKnownFileType = sourcecode.swift; path = ModifyTaskView.swift; sourceTree = "<group>"; };
/* End PBXFileReference section */

/* Begin PBXFrameworksBuildPhase section */
		C46FAB4D2B0A614000BB50BD /* Frameworks */ = {
			isa = PBXFrameworksBuildPhase;
			buildActionMask = 2147483647;
			files = (
			);
			runOnlyForDeploymentPostprocessing = 0;
		};
/* End PBXFrameworksBuildPhase section */

/* Begin PBXGroup section */
		C40B77E22B0B4AAF00FC33F2 /* ViewModels */ = {
			isa = PBXGroup;
			children = (
				C43E30292B0A824200ED4183 /* TaskData.swift */,
				C40B77E32B0B4ABC00FC33F2 /* AppColors.swift */,
			);
			path = ViewModels;
			sourceTree = "<group>";
		};
		C40B77E52B0B4DC000FC33F2 /* Views */ = {
			isa = PBXGroup;
			children = (
				C46FAB552B0A614000BB50BD /* TasksView.swift */,
				C4D6D1402B0BD62800B5622D /* ModifyTaskView.swift */,
				C40B77E62B0B50C400FC33F2 /* TabSwipeView.swift */,
			);
			path = Views;
			sourceTree = "<group>";
		};
		C46FAB472B0A614000BB50BD = {
			isa = PBXGroup;
			children = (
				C46FAB522B0A614000BB50BD /* TodoApp */,
				C46FAB512B0A614000BB50BD /* Products */,
			);
			sourceTree = "<group>";
		};
		C46FAB512B0A614000BB50BD /* Products */ = {
			isa = PBXGroup;
			children = (
				C46FAB502B0A614000BB50BD /* ListStyleProject.app */,
			);
			name = Products;
			sourceTree = "<group>";
		};
		C46FAB522B0A614000BB50BD /* TodoApp */ = {
			isa = PBXGroup;
			children = (
				C46FAB532B0A614000BB50BD /* TodoApp.swift */,
				C40B77E52B0B4DC000FC33F2 /* Views */,
				C40B77E22B0B4AAF00FC33F2 /* ViewModels */,
				C43E30272B0A7C4500ED4183 /* model.swift */,
				C46FAB572B0A614200BB50BD /* Assets.xcassets */,
				C46FAB592B0A614200BB50BD /* Preview Content */,
			);
			path = TodoApp;
			sourceTree = "<group>";
		};
		C46FAB592B0A614200BB50BD /* Preview Content */ = {
			isa = PBXGroup;
			children = (
				C46FAB5A2B0A614200BB50BD /* Preview Assets.xcassets */,
			);
			path = "Preview Content";
			sourceTree = "<group>";
		};
/* End PBXGroup section */

/* Begin PBXNativeTarget section */
		C46FAB4F2B0A614000BB50BD /* ListStyleProject */ = {
			isa = PBXNativeTarget;
			buildConfigurationList = C46FAB5E2B0A614200BB50BD /* Build configuration list for PBXNativeTarget "ListStyleProject" */;
			buildPhases = (
				C46FAB4C2B0A614000BB50BD /* Sources */,
				C46FAB4D2B0A614000BB50BD /* Frameworks */,
				C46FAB4E2B0A614000BB50BD /* Resources */,
			);
			buildRules = (
			);
			dependencies = (
			);
			name = ListStyleProject;
			productName = ListStyleProject;
			productReference = C46FAB502B0A614000BB50BD /* ListStyleProject.app */;
			productType = "com.apple.product-type.application";
		};
/* End PBXNativeTarget section */

/* Begin PBXProject section */
		C46FAB482B0A614000BB50BD /* Project object */ = {
			isa = PBXProject;
			attributes = {
				BuildIndependentTargetsInParallel = 1;
				LastSwiftUpdateCheck = 1500;
				LastUpgradeCheck = 1500;
				TargetAttributes = {
					C46FAB4F2B0A614000BB50BD = {
						CreatedOnToolsVersion = 15.0.1;
					};
				};
			};
			buildConfigurationList = C46FAB4B2B0A614000BB50BD /* Build configuration list for PBXProject "TodoApp" */;
			compatibilityVersion = "Xcode 14.0";
			developmentRegion = en;
			hasScannedForEncodings = 0;
			knownRegions = (
				en,
				Base,
			);
			mainGroup = C46FAB472B0A614000BB50BD;
			productRefGroup = C46FAB512B0A614000BB50BD /* Products */;
			projectDirPath = "";
			projectRoot = "";
			targets = (
				C46FAB4F2B0A614000BB50BD /* ListStyleProject */,
			);
		};
/* End PBXProject section */

/* Begin PBXResourcesBuildPhase section */
		C46FAB4E2B0A614000BB50BD /* Resources */ = {
			isa = PBXResourcesBuildPhase;
			buildActionMask = 2147483647;
			files = (
				C46FAB5B2B0A614200BB50BD /* Preview Assets.xcassets in Resources */,
				C46FAB582B0A614200BB50BD /* Assets.xcassets in Resources */,
			);
			runOnlyForDeploymentPostprocessing = 0;
		};
/* End PBXResourcesBuildPhase section */

/* Begin PBXSourcesBuildPhase section */
		C46FAB4C2B0A614000BB50BD /* Sources */ = {
			isa = PBXSourcesBuildPhase;
			buildActionMask = 2147483647;
			files = (
				C46FAB562B0A614000BB50BD /* TasksView.swift in Sources */,
				C43E30282B0A7C4500ED4183 /* model.swift in Sources */,
				C40B77E72B0B50C400FC33F2 /* TabSwipeView.swift in Sources */,
				C43E302A2B0A824200ED4183 /* TaskData.swift in Sources */,
				C4D6D1412B0BD62800B5622D /* ModifyTaskView.swift in Sources */,
				C40B77E42B0B4ABC00FC33F2 /* AppColors.swift in Sources */,
				C46FAB542B0A614000BB50BD /* TodoApp.swift in Sources */,
			);
			runOnlyForDeploymentPostprocessing = 0;
		};
/* End PBXSourcesBuildPhase section */

/* Begin XCBuildConfiguration section */
		C46FAB5C2B0A614200BB50BD /* Debug */ = {
			isa = XCBuildConfiguration;
			buildSettings = {
				ALWAYS_SEARCH_USER_PATHS = NO;
				ASSETCATALOG_COMPILER_GENERATE_SWIFT_ASSET_SYMBOL_EXTENSIONS = YES;
				CLANG_ANALYZER_NONNULL = YES;
				CLANG_ANALYZER_NUMBER_OBJECT_CONVERSION = YES_AGGRESSIVE;
				CLANG_CXX_LANGUAGE_STANDARD = "gnu++20";
				CLANG_ENABLE_MODULES = YES;
				CLANG_ENABLE_OBJC_ARC = YES;
				CLANG_ENABLE_OBJC_WEAK = YES;
				CLANG_WARN_BLOCK_CAPTURE_AUTORELEASING = YES;
				CLANG_WARN_BOOL_CONVERSION = YES;
				CLANG_WARN_COMMA = YES;
				CLANG_WARN_CONSTANT_CONVERSION = YES;
				CLANG_WARN_DEPRECATED_OBJC_IMPLEMENTATIONS = YES;
				CLANG_WARN_DIRECT_OBJC_ISA_USAGE = YES_ERROR;
				CLANG_WARN_DOCUMENTATION_COMMENTS = YES;
				CLANG_WARN_EMPTY_BODY = YES;
				CLANG_WARN_ENUM_CONVERSION = YES;
				CLANG_WARN_INFINITE_RECURSION = YES;
				CLANG_WARN_INT_CONVERSION = YES;
				CLANG_WARN_NON_LITERAL_NULL_CONVERSION = YES;
				CLANG_WARN_OBJC_IMPLICIT_RETAIN_SELF = YES;
				CLANG_WARN_OBJC_LITERAL_CONVERSION = YES;
				CLANG_WARN_OBJC_ROOT_CLASS = YES_ERROR;
				CLANG_WARN_QUOTED_INCLUDE_IN_FRAMEWORK_HEADER = YES;
				CLANG_WARN_RANGE_LOOP_ANALYSIS = YES;
				CLANG_WARN_STRICT_PROTOTYPES = YES;
				CLANG_WARN_SUSPICIOUS_MOVE = YES;
				CLANG_WARN_UNGUARDED_AVAILABILITY = YES_AGGRESSIVE;
				CLANG_WARN_UNREACHABLE_CODE = YES;
				CLANG_WARN__DUPLICATE_METHOD_MATCH = YES;
				COPY_PHASE_STRIP = NO;
				DEBUG_INFORMATION_FORMAT = dwarf;
				ENABLE_STRICT_OBJC_MSGSEND = YES;
				ENABLE_TESTABILITY = YES;
				ENABLE_USER_SCRIPT_SANDBOXING = YES;
				GCC_C_LANGUAGE_STANDARD = gnu17;
				GCC_DYNAMIC_NO_PIC = NO;
				GCC_NO_COMMON_BLOCKS = YES;
				GCC_OPTIMIZATION_LEVEL = 0;
				GCC_PREPROCESSOR_DEFINITIONS = (
					"DEBUG=1",
					"$(inherited)",
				);
				GCC_WARN_64_TO_32_BIT_CONVERSION = YES;
				GCC_WARN_ABOUT_RETURN_TYPE = YES_ERROR;
				GCC_WARN_UNDECLARED_SELECTOR = YES;
				GCC_WARN_UNINITIALIZED_AUTOS = YES_AGGRESSIVE;
				GCC_WARN_UNUSED_FUNCTION = YES;
				GCC_WARN_UNUSED_VARIABLE = YES;
				IPHONEOS_DEPLOYMENT_TARGET = 17.0;
				LOCALIZATION_PREFERS_STRING_CATALOGS = YES;
				MTL_ENABLE_DEBUG_INFO = INCLUDE_SOURCE;
				MTL_FAST_MATH = YES;
				ONLY_ACTIVE_ARCH = YES;
				SDKROOT = iphoneos;
				SWIFT_ACTIVE_COMPILATION_CONDITIONS = "DEBUG $(inherited)";
				SWIFT_OPTIMIZATION_LEVEL = "-Onone";
			};
			name = Debug;
		};
		C46FAB5D2B0A614200BB50BD /* Release */ = {
			isa = XCBuildConfiguration;
			buildSettings = {
				ALWAYS_SEARCH_USER_PATHS = NO;
				ASSETCATALOG_COMPILER_GENERATE_SWIFT_ASSET_SYMBOL_EXTENSIONS = YES;
				CLANG_ANALYZER_NONNULL = YES;
				CLANG_ANALYZER_NUMBER_OBJECT_CONVERSION = YES_AGGRESSIVE;
				CLANG_CXX_LANGUAGE_STANDARD = "gnu++20";
				CLANG_ENABLE_MODULES = YES;
				CLANG_ENABLE_OBJC_ARC = YES;
				CLANG_ENABLE_OBJC_WEAK = YES;
				CLANG_WARN_BLOCK_CAPTURE_AUTORELEASING = YES;
				CLANG_WARN_BOOL_CONVERSION = YES;
				CLANG_WARN_COMMA = YES;
				CLANG_WARN_CONSTANT_CONVERSION = YES;
				CLANG_WARN_DEPRECATED_OBJC_IMPLEMENTATIONS = YES;
				CLANG_WARN_DIRECT_OBJC_ISA_USAGE = YES_ERROR;
				CLANG_WARN_DOCUMENTATION_COMMENTS = YES;
				CLANG_WARN_EMPTY_BODY = YES;
				CLANG_WARN_ENUM_CONVERSION = YES;
				CLANG_WARN_INFINITE_RECURSION = YES;
				CLANG_WARN_INT_CONVERSION = YES;
				CLANG_WARN_NON_LITERAL_NULL_CONVERSION = YES;
				CLANG_WARN_OBJC_IMPLICIT_RETAIN_SELF = YES;
				CLANG_WARN_OBJC_LITERAL_CONVERSION = YES;
				CLANG_WARN_OBJC_ROOT_CLASS = YES_ERROR;
				CLANG_WARN_QUOTED_INCLUDE_IN_FRAMEWORK_HEADER = YES;
				CLANG_WARN_RANGE_LOOP_ANALYSIS = YES;
				CLANG_WARN_STRICT_PROTOTYPES = YES;
				CLANG_WARN_SUSPICIOUS_MOVE = YES;
				CLANG_WARN_UNGUARDED_AVAILABILITY = YES_AGGRESSIVE;
				CLANG_WARN_UNREACHABLE_CODE = YES;
				CLANG_WARN__DUPLICATE_METHOD_MATCH = YES;
				COPY_PHASE_STRIP = NO;
				DEBUG_INFORMATION_FORMAT = "dwarf-with-dsym";
				ENABLE_NS_ASSERTIONS = NO;
				ENABLE_STRICT_OBJC_MSGSEND = YES;
				ENABLE_USER_SCRIPT_SANDBOXING = YES;
				GCC_C_LANGUAGE_STANDARD = gnu17;
				GCC_NO_COMMON_BLOCKS = YES;
				GCC_WARN_64_TO_32_BIT_CONVERSION = YES;
				GCC_WARN_ABOUT_RETURN_TYPE = YES_ERROR;
				GCC_WARN_UNDECLARED_SELECTOR = YES;
				GCC_WARN_UNINITIALIZED_AUTOS = YES_AGGRESSIVE;
				GCC_WARN_UNUSED_FUNCTION = YES;
				GCC_WARN_UNUSED_VARIABLE = YES;
				IPHONEOS_DEPLOYMENT_TARGET = 17.0;
				LOCALIZATION_PREFERS_STRING_CATALOGS = YES;
				MTL_ENABLE_DEBUG_INFO = NO;
				MTL_FAST_MATH = YES;
				SDKROOT = iphoneos;
				SWIFT_COMPILATION_MODE = wholemodule;
				VALIDATE_PRODUCT = YES;
			};
			name = Release;
		};
		C46FAB5F2B0A614200BB50BD /* Debug */ = {
			isa = XCBuildConfiguration;
			buildSettings = {
				ASSETCATALOG_COMPILER_APPICON_NAME = AppIcon;
				ASSETCATALOG_COMPILER_GLOBAL_ACCENT_COLOR_NAME = AccentColor;
				CODE_SIGN_STYLE = Automatic;
				CURRENT_PROJECT_VERSION = 1;
				DEVELOPMENT_ASSET_PATHS = "\"TodoApp/Preview Content\"";
				DEVELOPMENT_TEAM = KKLUXLFBKS;
				ENABLE_PREVIEWS = YES;
				GENERATE_INFOPLIST_FILE = YES;
				INFOPLIST_KEY_UIApplicationSceneManifest_Generation = YES;
				INFOPLIST_KEY_UIApplicationSupportsIndirectInputEvents = YES;
				INFOPLIST_KEY_UILaunchScreen_Generation = YES;
				INFOPLIST_KEY_UISupportedInterfaceOrientations_iPad = "UIInterfaceOrientationPortrait UIInterfaceOrientationPortraitUpsideDown UIInterfaceOrientationLandscapeLeft UIInterfaceOrientationLandscapeRight";
				INFOPLIST_KEY_UISupportedInterfaceOrientations_iPhone = "UIInterfaceOrientationPortrait UIInterfaceOrientationLandscapeLeft UIInterfaceOrientationLandscapeRight";
				IPHONEOS_DEPLOYMENT_TARGET = 16.6;
				LD_RUNPATH_SEARCH_PATHS = (
					"$(inherited)",
					"@executable_path/Frameworks",
				);
				MARKETING_VERSION = 1.0;
				PRODUCT_BUNDLE_IDENTIFIER = "Jakob-Michalesen.ListStyleProject";
				PRODUCT_NAME = "$(TARGET_NAME)";
				SWIFT_EMIT_LOC_STRINGS = YES;
				SWIFT_VERSION = 5.0;
				TARGETED_DEVICE_FAMILY = "1,2";
			};
			name = Debug;
		};
		C46FAB602B0A614200BB50BD /* Release */ = {
			isa = XCBuildConfiguration;
			buildSettings = {
				ASSETCATALOG_COMPILER_APPICON_NAME = AppIcon;
				ASSETCATALOG_COMPILER_GLOBAL_ACCENT_COLOR_NAME = AccentColor;
				CODE_SIGN_STYLE = Automatic;
				CURRENT_PROJECT_VERSION = 1;
				DEVELOPMENT_ASSET_PATHS = "\"TodoApp/Preview Content\"";
				DEVELOPMENT_TEAM = KKLUXLFBKS;
				ENABLE_PREVIEWS = YES;
				GENERATE_INFOPLIST_FILE = YES;
				INFOPLIST_KEY_UIApplicationSceneManifest_Generation = YES;
				INFOPLIST_KEY_UIApplicationSupportsIndirectInputEvents = YES;
				INFOPLIST_KEY_UILaunchScreen_Generation = YES;
				INFOPLIST_KEY_UISupportedInterfaceOrientations_iPad = "UIInterfaceOrientationPortrait UIInterfaceOrientationPortraitUpsideDown UIInterfaceOrientationLandscapeLeft UIInterfaceOrientationLandscapeRight";
				INFOPLIST_KEY_UISupportedInterfaceOrientations_iPhone = "UIInterfaceOrientationPortrait UIInterfaceOrientationLandscapeLeft UIInterfaceOrientationLandscapeRight";
				IPHONEOS_DEPLOYMENT_TARGET = 16.6;
				LD_RUNPATH_SEARCH_PATHS = (
					"$(inherited)",
					"@executable_path/Frameworks",
				);
				MARKETING_VERSION = 1.0;
				PRODUCT_BUNDLE_IDENTIFIER = "Jakob-Michalesen.ListStyleProject";
				PRODUCT_NAME = "$(TARGET_NAME)";
				SWIFT_EMIT_LOC_STRINGS = YES;
				SWIFT_VERSION = 5.0;
				TARGETED_DEVICE_FAMILY = "1,2";
			};
			name = Release;
		};
/* End XCBuildConfiguration section */

/* Begin XCConfigurationList section */
		C46FAB4B2B0A614000BB50BD /* Build configuration list for PBXProject "TodoApp" */ = {
			isa = XCConfigurationList;
			buildConfigurations = (
				C46FAB5C2B0A614200BB50BD /* Debug */,
				C46FAB5D2B0A614200BB50BD /* Release */,
			);
			defaultConfigurationIsVisible = 0;
			defaultConfigurationName = Release;
		};
		C46FAB5E2B0A614200BB50BD /* Build configuration list for PBXNativeTarget "ListStyleProject" */ = {
			isa = XCConfigurationList;
			buildConfigurations = (
				C46FAB5F2B0A614200BB50BD /* Debug */,
				C46FAB602B0A614200BB50BD /* Release */,
			);
			defaultConfigurationIsVisible = 0;
			defaultConfigurationName = Release;
		};
/* End XCConfigurationList section */
	};
	rootObject = C46FAB482B0A614000BB50BD /* Project object */;
}
